{
  "name": "@kmklabs/vjs-core-6.9.0-hls-5.8.3-ads-5.1.4-ima-2f3a06d-dash-2.9.3",
  "version": "2.0.1",
  "lockfileVersion": 1,
  "requires": true,
  "dependencies": {
    "aes-decrypter": {
      "version": "1.0.3",
      "resolved": "https://registry.npmjs.org/aes-decrypter/-/aes-decrypter-1.0.3.tgz",
      "integrity": "sha1-nAa4pUNaWtCduTP4oBSvzxhMw04=",
      "requires": {
        "pkcs7": "0.2.3"
      }
    },
    "babel-runtime": {
      "version": "6.26.0",
      "resolved": "https://registry.npmjs.org/babel-runtime/-/babel-runtime-6.26.0.tgz",
      "integrity": "sha1-llxwWGaOgrVde/4E/yM3vItWR/4=",
      "requires": {
        "core-js": "2.5.7",
        "regenerator-runtime": "0.11.1"
      }
    },
    "codem-isoboxer": {
      "version": "0.3.5",
      "resolved": "https://registry.npmjs.org/codem-isoboxer/-/codem-isoboxer-0.3.5.tgz",
      "integrity": "sha512-F+OY4gCwxe+YnsqOkQTPrnRqoncAUmxqXNdgmuCE3Omvl3WQ9WLvhSJUZ0IGJljoxkdwpCQdPdcdMEPJnOQ1Ow=="
    },
    "core-js": {
      "version": "2.5.7",
      "resolved": "https://registry.npmjs.org/core-js/-/core-js-2.5.7.tgz",
      "integrity": "sha512-RszJCAxg/PP6uzXVXL6BsxSXx/B05oJAQ2vkJRjyjrEcNVycaqOmNb5OTxZPE3xa5gwZduqza6L9JOCenh/Ecw=="
    },
    "dashjs": {
      "version": "2.8.0",
      "resolved": "https://registry.npmjs.org/dashjs/-/dashjs-2.8.0.tgz",
      "integrity": "sha512-vghQ+y4WZj87Pi0lsdXfTGcfkNIABJLtFF1j2+R1e7upADvE6cOR7sGoIaGDLBWlKfZBi98xzqqZS/QlEklQkA==",
      "requires": {
        "codem-isoboxer": "0.3.5",
        "fast-deep-equal": "1.1.0",
        "imsc": "1.0.1-rc.2"
      }
    },
    "define-properties": {
      "version": "1.1.2",
      "resolved": "https://registry.npmjs.org/define-properties/-/define-properties-1.1.2.tgz",
      "integrity": "sha1-g6c/L+pWmJj7c3GTyPhzyvbUXJQ=",
      "requires": {
        "foreach": "2.0.5",
        "object-keys": "1.0.12"
      }
    },
    "dom-walk": {
      "version": "0.1.1",
      "resolved": "https://registry.npmjs.org/dom-walk/-/dom-walk-0.1.1.tgz",
      "integrity": "sha1-ZyIm3HTI95mtNTB9+TaroRrNYBg="
    },
    "es5-shim": {
      "version": "4.5.10",
      "resolved": "https://registry.npmjs.org/es5-shim/-/es5-shim-4.5.10.tgz",
      "integrity": "sha512-vmryBdqKRO8Ei9LJ4yyEk/EOmAOGIagcHDYPpTAi6pot4IMHS1AC2q5cTKPmydpijg2iX8DVmCuqgrNxIWj8Yg=="
    },
    "fast-deep-equal": {
      "version": "1.1.0",
      "resolved": "https://registry.npmjs.org/fast-deep-equal/-/fast-deep-equal-1.1.0.tgz",
      "integrity": "sha1-wFNHeBfIa1HaqFPIHgWbcz0CNhQ="
    },
    "for-each": {
      "version": "0.3.3",
      "resolved": "https://registry.npmjs.org/for-each/-/for-each-0.3.3.tgz",
      "integrity": "sha512-jqYfLp7mo9vIyQf8ykW2v7A+2N4QjeCeI5+Dz9XraiO1ign81wjiH7Fb9vSOWvQfNtmSa4H2RoQTrrXivdUZmw==",
      "requires": {
        "is-callable": "1.1.4"
      }
    },
    "foreach": {
      "version": "2.0.5",
      "resolved": "https://registry.npmjs.org/foreach/-/foreach-2.0.5.tgz",
      "integrity": "sha1-C+4AUBiusmDQo6865ljdATbsG5k="
    },
    "function-bind": {
      "version": "1.1.1",
      "resolved": "https://registry.npmjs.org/function-bind/-/function-bind-1.1.1.tgz",
      "integrity": "sha512-yIovAzMX49sF8Yl58fSCWJ5svSLuaibPxXQJFLmBObTuCr0Mf1KiPopGM9NiFjiYBCbfaa2Fh6breQ6ANVTI0A=="
    },
    "global": {
      "version": "4.3.2",
      "resolved": "https://registry.npmjs.org/global/-/global-4.3.2.tgz",
      "integrity": "sha1-52mJJopsdMOJCLEwWxD8DjlOnQ8=",
      "requires": {
        "min-document": "2.19.0",
        "process": "0.5.2"
      }
    },
    "has-symbols": {
      "version": "1.0.0",
      "resolved": "https://registry.npmjs.org/has-symbols/-/has-symbols-1.0.0.tgz",
      "integrity": "sha1-uhqPGvKg/DllD1yFA2dwQSIGO0Q="
    },
    "imsc": {
      "version": "1.0.1-rc.2",
      "resolved": "https://registry.npmjs.org/imsc/-/imsc-1.0.1-rc.2.tgz",
      "integrity": "sha512-rPE9NZ0iemPQhhHaZKj8GPU16KTbYlkfYiYXgvXelzb7jHWEMs4b7QjATPGI2ja9p1NXFi796VBxi3U0aBMBTQ==",
      "requires": {
        "sax": "1.2.1"
      }
    },
    "individual": {
      "version": "2.0.0",
      "resolved": "https://registry.npmjs.org/individual/-/individual-2.0.0.tgz",
      "integrity": "sha1-gzsJfa0jKU52EXqY+zjg2a1hu5c="
    },
    "is-callable": {
      "version": "1.1.4",
      "resolved": "https://registry.npmjs.org/is-callable/-/is-callable-1.1.4.tgz",
      "integrity": "sha512-r5p9sxJjYnArLjObpjA4xu5EKI3CuKHkJXMhT7kwbpUyIFD1n5PMAsoPvWnvtZiNz7LjkYDRZhd7FlI0eMijEA=="
    },
    "is-function": {
      "version": "1.0.1",
      "resolved": "https://registry.npmjs.org/is-function/-/is-function-1.0.1.tgz",
      "integrity": "sha1-Es+5i2W1fdPRk6MSH19uL0N2ArU="
    },
    "lodash-compat": {
      "version": "3.10.2",
      "resolved": "https://registry.npmjs.org/lodash-compat/-/lodash-compat-3.10.2.tgz",
      "integrity": "sha1-xpQBKKnTD46QLNLPmf0Muk7PwYM="
    },
    "m3u8-parser": {
      "version": "2.1.0",
      "resolved": "https://registry.npmjs.org/m3u8-parser/-/m3u8-parser-2.1.0.tgz",
      "integrity": "sha1-yBcDKewc1RXQ1Yu4t2LamJbLA2g="
    },
    "min-document": {
      "version": "2.19.0",
      "resolved": "https://registry.npmjs.org/min-document/-/min-document-2.19.0.tgz",
      "integrity": "sha1-e9KC4/WELtKVu3SM3Z8f+iyCRoU=",
      "requires": {
        "dom-walk": "0.1.1"
      }
    },
    "mux.js": {
      "version": "4.1.5",
      "resolved": "https://registry.npmjs.org/mux.js/-/mux.js-4.1.5.tgz",
      "integrity": "sha1-0DZBKKEfNhy2tKv4emjZlbJE6Mg="
    },
    "object-keys": {
      "version": "1.0.12",
      "resolved": "https://registry.npmjs.org/object-keys/-/object-keys-1.0.12.tgz",
      "integrity": "sha512-FTMyFUm2wBcGHnH2eXmz7tC6IwlqQZ6mVZ+6dm6vZ4IQIHjs6FdNsQBuKGPuUUUY6NfJw2PshC08Tn6LzLDOag=="
    },
    "object.assign": {
      "version": "4.1.0",
      "resolved": "https://registry.npmjs.org/object.assign/-/object.assign-4.1.0.tgz",
      "integrity": "sha512-exHJeq6kBKj58mqGyTQ9DFvrZC/eR6OwxzoM9YRoGBqrXYonaFyGiFMuc9VZrXf7DarreEwMpurG3dd+CNyW5w==",
      "requires": {
        "define-properties": "1.1.2",
        "function-bind": "1.1.1",
        "has-symbols": "1.0.0",
        "object-keys": "1.0.12"
      }
    },
    "parse-headers": {
      "version": "2.0.1",
      "resolved": "https://registry.npmjs.org/parse-headers/-/parse-headers-2.0.1.tgz",
      "integrity": "sha1-aug6eqJanZtwCswoaYzR8e1+lTY=",
      "requires": {
        "for-each": "0.3.3",
        "trim": "0.0.1"
      }
    },
    "pkcs7": {
      "version": "0.2.3",
      "resolved": "https://registry.npmjs.org/pkcs7/-/pkcs7-0.2.3.tgz",
      "integrity": "sha1-ItYGZtAQZcXyRDkJjkpIMEUic74="
    },
    "process": {
      "version": "0.5.2",
      "resolved": "https://registry.npmjs.org/process/-/process-0.5.2.tgz",
      "integrity": "sha1-FjjYqONML0QKkduVq5rrZ3/Bhc8="
    },
    "regenerator-runtime": {
      "version": "0.11.1",
      "resolved": "https://registry.npmjs.org/regenerator-runtime/-/regenerator-runtime-0.11.1.tgz",
      "integrity": "sha512-MguG95oij0fC3QV3URf4V2SDYGJhJnJGqvIIgdECeODCT98wSWDAJ94SSuVpYQUoTcGUIL6L4yNB7j1DFFHSBg=="
    },
    "rust-result": {
      "version": "1.0.0",
      "resolved": "https://registry.npmjs.org/rust-result/-/rust-result-1.0.0.tgz",
      "integrity": "sha1-NMdbLm3Dn+WHXlveyFteD5FTb3I=",
      "requires": {
        "individual": "2.0.0"
      }
    },
    "safe-json-parse": {
      "version": "4.0.0",
      "resolved": "https://registry.npmjs.org/safe-json-parse/-/safe-json-parse-4.0.0.tgz",
      "integrity": "sha1-fA9XjPzNEtM6ccDgVBPi7KFx6qw=",
      "requires": {
        "rust-result": "1.0.0"
      }
    },
    "sax": {
      "version": "1.2.1",
      "resolved": "https://registry.npmjs.org/sax/-/sax-1.2.1.tgz",
      "integrity": "sha1-e45lYZCyKOgaZq6nSEgNgozS03o="
    },
    "trim": {
      "version": "0.0.1",
      "resolved": "https://registry.npmjs.org/trim/-/trim-0.0.1.tgz",
      "integrity": "sha1-WFhUf2spB1fulczMZm+1AITEYN0="
    },
    "tsml": {
      "version": "1.0.1",
      "resolved": "https://registry.npmjs.org/tsml/-/tsml-1.0.1.tgz",
      "integrity": "sha1-ifghi52eJX9H1/a1bQHFpNLGj8M="
    },
    "url-toolkit": {
      "version": "1.0.9",
      "resolved": "https://registry.npmjs.org/url-toolkit/-/url-toolkit-1.0.9.tgz",
      "integrity": "sha1-ZkfIT5McVOHmH6OzPhCtNBYe1Nk="
    },
    "video.js": {
      "version": "6.9.0",
      "resolved": "https://registry.npmjs.org/video.js/-/video.js-6.9.0.tgz",
      "integrity": "sha512-54s7ZZKiY8dTMxBM6IkGMUeG0Yjq8RfyOn7bdU88nL6eWw1I+zLPY4fUVEFwGtxNAzZxGj7VVhVsCM/38QM9GA==",
      "requires": {
        "babel-runtime": "6.26.0",
        "global": "4.3.2",
        "safe-json-parse": "4.0.0",
        "tsml": "1.0.1",
        "videojs-font": "2.1.0",
        "videojs-ie8": "1.1.2",
        "videojs-vtt.js": "0.12.6",
        "xhr": "2.4.0"
      }
    },
    "videojs-contrib-ads": {
      "version": "5.1.5",
      "resolved": "https://registry.npmjs.org/videojs-contrib-ads/-/videojs-contrib-ads-5.1.5.tgz",
      "integrity": "sha1-FFiRGSYn8+gByJ5lBoYcPqlkEnU=",
      "requires": {
        "global": "4.3.2",
        "video.js": "5.20.5"
      },
      "dependencies": {
        "video.js": {
          "version": "5.20.5",
          "resolved": "https://registry.npmjs.org/video.js/-/video.js-5.20.5.tgz",
          "integrity": "sha1-RFza4gS85Fl4LYajGyWjKv1tjv8=",
          "requires": {
            "babel-runtime": "6.26.0",
            "global": "4.3.0",
            "safe-json-parse": "4.0.0",
            "tsml": "1.0.1",
            "videojs-font": "2.0.0",
            "videojs-ie8": "1.1.2",
            "videojs-swf": "5.4.1",
            "videojs-vtt.js": "0.12.6",
            "xhr": "2.2.2"
          },
          "dependencies": {
            "global": {
              "version": "4.3.0",
              "resolved": "https://registry.npmjs.org/global/-/global-4.3.0.tgz",
              "integrity": "sha1-737EvurVebRU9evV5/MD21T0Kis=",
              "requires": {
                "min-document": "2.19.0",
                "process": "0.5.2"
              }
            }
          }
        },
        "videojs-font": {
          "version": "2.0.0",
          "resolved": "https://registry.npmjs.org/videojs-font/-/videojs-font-2.0.0.tgz",
          "integrity": "sha1-r3Rh751LleAzS/+3iy8v8DZKkDQ="
        },
        "xhr": {
          "version": "2.2.2",
          "resolved": "https://registry.npmjs.org/xhr/-/xhr-2.2.2.tgz",
          "integrity": "sha1-LuclcYafhobUFVmp6ihsGJcUNf8=",
          "requires": {
            "global": "4.3.2",
            "is-function": "1.0.1",
            "parse-headers": "2.0.1",
            "xtend": "4.0.1"
          }
        }
      }
    },
    "videojs-contrib-dash": {
      "version": "2.9.3",
      "resolved": "https://registry.npmjs.org/videojs-contrib-dash/-/videojs-contrib-dash-2.9.3.tgz",
      "integrity": "sha1-luJfgRnX258Ta/q4Qo2Fg8mUdhA=",
      "requires": {
        "dashjs": "2.8.0",
        "global": "4.3.2",
        "video.js": "6.9.0"
      }
    },
    "videojs-contrib-hls": {
      "version": "5.8.3",
      "resolved": "https://registry.npmjs.org/videojs-contrib-hls/-/videojs-contrib-hls-5.8.3.tgz",
      "integrity": "sha1-azTGV6bV/YwvjUukXkWJ1NXOVhE=",
      "requires": {
        "aes-decrypter": "1.0.3",
        "global": "4.3.2",
        "m3u8-parser": "2.1.0",
        "mux.js": "4.1.5",
        "url-toolkit": "1.0.9",
        "video.js": "6.9.0",
        "videojs-contrib-media-sources": "4.4.8",
        "webworkify": "1.0.2"
      }
    },
    "videojs-contrib-media-sources": {
      "version": "4.4.8",
      "resolved": "https://registry.npmjs.org/videojs-contrib-media-sources/-/videojs-contrib-media-sources-4.4.8.tgz",
      "integrity": "sha1-C09tDuB+jh4icGFuECDl/l8dOfA=",
      "requires": {
        "global": "4.3.2",
        "mux.js": "4.1.5",
        "video.js": "5.20.5",
        "webworkify": "1.0.2"
      },
      "dependencies": {
        "video.js": {
          "version": "5.20.5",
          "resolved": "https://registry.npmjs.org/video.js/-/video.js-5.20.5.tgz",
          "integrity": "sha1-RFza4gS85Fl4LYajGyWjKv1tjv8=",
          "requires": {
            "babel-runtime": "6.26.0",
            "global": "4.3.0",
            "safe-json-parse": "4.0.0",
            "tsml": "1.0.1",
            "videojs-font": "2.0.0",
            "videojs-ie8": "1.1.2",
            "videojs-swf": "5.4.1",
            "videojs-vtt.js": "0.12.6",
            "xhr": "2.2.2"
          },
          "dependencies": {
            "global": {
              "version": "4.3.0",
              "resolved": "https://registry.npmjs.org/global/-/global-4.3.0.tgz",
              "integrity": "sha1-737EvurVebRU9evV5/MD21T0Kis=",
              "requires": {
                "min-document": "2.19.0",
                "process": "0.5.2"
              }
            }
          }
        },
        "videojs-font": {
          "version": "2.0.0",
          "resolved": "https://registry.npmjs.org/videojs-font/-/videojs-font-2.0.0.tgz",
          "integrity": "sha1-r3Rh751LleAzS/+3iy8v8DZKkDQ="
        },
        "xhr": {
          "version": "2.2.2",
          "resolved": "https://registry.npmjs.org/xhr/-/xhr-2.2.2.tgz",
          "integrity": "sha1-LuclcYafhobUFVmp6ihsGJcUNf8=",
          "requires": {
            "global": "4.3.2",
            "is-function": "1.0.1",
            "parse-headers": "2.0.1",
            "xtend": "4.0.1"
          }
        }
      }
    },
    "videojs-flash": {
      "version": "2.0.1",
      "resolved": "https://registry.npmjs.org/videojs-flash/-/videojs-flash-2.0.1.tgz",
      "integrity": "sha1-MRMxqYkz5ZNTKd4+f0Bpq2h0PCg=",
      "requires": {
        "global": "4.3.2",
        "video.js": "6.9.0",
        "videojs-swf": "5.4.1"
      }
    },
    "videojs-font": {
      "version": "2.1.0",
      "resolved": "https://registry.npmjs.org/videojs-font/-/videojs-font-2.1.0.tgz",
      "integrity": "sha1-olkwpn9snPvyu4jay4xrRR8JM3k="
    },
    "videojs-ie8": {
      "version": "1.1.2",
      "resolved": "https://registry.npmjs.org/videojs-ie8/-/videojs-ie8-1.1.2.tgz",
      "integrity": "sha1-oj09hgitcZK2nGB3/E64SJmNNdk=",
      "requires": {
        "es5-shim": "4.5.10"
      }
    },
    "videojs-ima": {
      "version": "github:kmk-online/videojs-ima#683aa296bd6b7329481f5192ae6e8cf56e669898",
      "requires": {
        "video.js": "5.3.0",
        "videojs-contrib-ads": "3.1.3"
      },
      "dependencies": {
        "video.js": {
          "version": "5.3.0",
          "resolved": "https://registry.npmjs.org/video.js/-/video.js-5.3.0.tgz",
          "integrity": "sha1-TfEQCmvy0KmVBUhVjhGxdeb1MOg=",
          "requires": {
            "global": "4.3.2",
            "lodash-compat": "3.10.2",
            "object.assign": "4.1.0",
            "safe-json-parse": "4.0.0",
            "tsml": "1.0.1",
            "videojs-font": "1.4.0",
            "videojs-ie8": "1.1.0",
            "videojs-swf": "5.0.1",
            "vtt.js": "git+https://github.com/gkatsev/vtt.js.git#8ea664e257ec7b5c092f58ac989e3134ff536a7a",
            "xhr": "2.2.2"
          }
        },
        "videojs-contrib-ads": {
          "version": "3.1.3",
          "resolved": "https://registry.npmjs.org/videojs-contrib-ads/-/videojs-contrib-ads-3.1.3.tgz",
          "integrity": "sha1-/O0bdyfqMPHvUs6KjEATI3i7r7c="
        },
        "videojs-font": {
          "version": "1.4.0",
          "resolved": "https://registry.npmjs.org/videojs-font/-/videojs-font-1.4.0.tgz",
          "integrity": "sha1-WXNh0v8nXKmtVMQn1Xxce0pg4RM="
        },
        "videojs-ie8": {
          "version": "1.1.0",
          "resolved": "https://registry.npmjs.org/videojs-ie8/-/videojs-ie8-1.1.0.tgz",
          "integrity": "sha1-zy0dZPnjMw0lW29zt3WJnhmmOCM=",
          "requires": {
            "es5-shim": "4.5.10"
          }
        },
        "videojs-swf": {
          "version": "5.0.1",
          "resolved": "https://registry.npmjs.org/videojs-swf/-/videojs-swf-5.0.1.tgz",
          "integrity": "sha1-IYa9nsX/xdBl1dlWyw3yUz/6KYM="
        },
        "vtt.js": {
          "version": "git+https://github.com/gkatsev/vtt.js.git#8ea664e257ec7b5c092f58ac989e3134ff536a7a"
        },
        "xhr": {
          "version": "2.2.2",
          "resolved": "https://registry.npmjs.org/xhr/-/xhr-2.2.2.tgz",
          "integrity": "sha1-LuclcYafhobUFVmp6ihsGJcUNf8=",
          "requires": {
            "global": "4.3.2",
            "is-function": "1.0.1",
            "parse-headers": "2.0.1",
            "xtend": "4.0.1"
          }
        }
      }
    },
    "videojs-swf": {
      "version": "5.4.1",
      "resolved": "https://registry.npmjs.org/videojs-swf/-/videojs-swf-5.4.1.tgz",
      "integrity": "sha1-IHfvccdJ8seCPvSbq65N0qywj4c="
    },
    "videojs-vtt.js": {
      "version": "0.12.6",
      "resolved": "https://registry.npmjs.org/videojs-vtt.js/-/videojs-vtt.js-0.12.6.tgz",
      "integrity": "sha512-XFXeGBQiljnElMhwCcZst0RDbZn2n8LU7ZScXryd3a00OaZsHAjdZu/7/RdSr7Z1jHphd45FnOvOQkGK4YrWCQ==",
      "requires": {
        "global": "4.3.2"
      }
    },
    "webworkify": {
      "version": "1.0.2",
      "resolved": "https://registry.npmjs.org/webworkify/-/webworkify-1.0.2.tgz",
      "integrity": "sha1-thapWmIlJJvyWpHpbglCxmUVWZU="
    },
    "xhr": {
      "version": "2.4.0",
      "resolved": "https://registry.npmjs.org/xhr/-/xhr-2.4.0.tgz",
      "integrity": "sha1-4W5mpF+GmGHu76tBbV7/ci3ECZM=",
      "requires": {
        "global": "4.3.2",
        "is-function": "1.0.1",
        "parse-headers": "2.0.1",
        "xtend": "4.0.1"
      }
    },
    "xtend": {
      "version": "4.0.1",
      "resolved": "https://registry.npmjs.org/xtend/-/xtend-4.0.1.tgz",
      "integrity": "sha1-pcbVMr5lbiPbgg77lDofBJmNY68="
    }
  }
}
